{
  "name": "video",
  "version": "1.0.0",
  "lockfileVersion": 3,
  "requires": true,
  "packages": {
    "": {
      "name": "video",
      "version": "1.0.0",
      "license": "ISC",
      "dependencies": {
        "@huggingface/inference": "^3.4.1"
      }
    },
    "node_modules/@huggingface/inference": {
      "version": "3.4.1",
      "resolved": "https://registry.npmjs.org/@huggingface/inference/-/inference-3.4.1.tgz",
      "integrity": "sha512-Ij9aeMoqa5kt0/V3qx6xB6I+xtcP5KConVOQNuW4vCncr+fhf6CrpGHHoYpKeYFgX0S/TO1S8rYHCHiCl+CXQw==",
      "dependencies": {
        "@huggingface/tasks": "^0.16.5"
      },
      "engines": {
        "node": ">=18"
      }
    },
    "node_modules/@huggingface/tasks": {
      "version": "0.16.6",
      "resolved": "https://registry.npmjs.org/@huggingface/tasks/-/tasks-0.16.6.tgz",
      "integrity": "sha512-h8HOXIxQQmYQO961Kxxdw2iVRtq7MixY59Zs6ymmxR+55j0WJDBfuaH2oMrsaPlyyKR1wejXmKNy3AtgPUDHNw=="
    }
  }
}
